
Microsoft Visual Studio Solution File, Format Version 12.00
# Visual Studio Version 16
VisualStudioVersion = 16.0.31129.286
MinimumVisualStudioVersion = 10.0.40219.1
Project("{9A19103F-16F7-4668-BE54-9A1E7A4F7556}") = "CampIntro", "CampIntro\CampIntro.csproj", "{FDBF320B-B7DC-448F-8F3E-EC45FBB8890F}"
EndProject
Project("{9A19103F-16F7-4668-BE54-9A1E7A4F7556}") = "OOP1", "OOP1\OOP1.csproj", "{2001C308-A8F3-4E7E-B63E-AA713051B7E9}"
EndProject
Project("{FAE04EC0-301F-11D3-BF4B-00C04F79EFBC}") = "Collections", "Collections\Collections.csproj", "{54578295-E19E-43EE-BC88-7F54847304EF}"
EndProject
Project("{FAE04EC0-301F-11D3-BF4B-00C04F79EFBC}") = "GenericsIntro", "GenericsIntro\GenericsIntro.csproj", "{9E898779-846D-49F4-8188-16CCBC3AD1B5}"
EndProject
Global
	GlobalSection(SolutionConfigurationPlatforms) = preSolution
		Debug|Any CPU = Debug|Any CPU
		Release|Any CPU = Release|Any CPU
	EndGlobalSection
	GlobalSection(ProjectConfigurationPlatforms) = postSolution
		{FDBF320B-B7DC-448F-8F3E-EC45FBB8890F}.Debug|Any CPU.ActiveCfg = Debug|Any CPU
		{FDBF320B-B7DC-448F-8F3E-EC45FBB8890F}.Debug|Any CPU.Build.0 = Debug|Any CPU
		{FDBF320B-B7DC-448F-8F3E-EC45FBB8890F}.Release|Any CPU.ActiveCfg = Release|Any CPU
		{FDBF320B-B7DC-448F-8F3E-EC45FBB8890F}.Release|Any CPU.Build.0 = Release|Any CPU
		{2001C308-A8F3-4E7E-B63E-AA713051B7E9}.Debug|Any CPU.ActiveCfg = Debug|Any CPU
		{2001C308-A8F3-4E7E-B63E-AA713051B7E9}.Debug|Any CPU.Build.0 = Debug|Any CPU
		{2001C308-A8F3-4E7E-B63E-AA713051B7E9}.Release|Any CPU.ActiveCfg = Release|Any CPU
		{2001C308-A8F3-4E7E-B63E-AA713051B7E9}.Release|Any CPU.Build.0 = Release|Any CPU
		{54578295-E19E-43EE-BC88-7F54847304EF}.Debug|Any CPU.ActiveCfg = Debug|Any CPU
		{54578295-E19E-43EE-BC88-7F54847304EF}.Debug|Any CPU.Build.0 = Debug|Any CPU
		{54578295-E19E-43EE-BC88-7F54847304EF}.Release|Any CPU.ActiveCfg = Release|Any CPU
		{54578295-E19E-43EE-BC88-7F54847304EF}.Release|Any CPU.Build.0 = Release|Any CPU
		{9E898779-846D-49F4-8188-16CCBC3AD1B5}.Debug|Any CPU.ActiveCfg = Debug|Any CPU
		{9E898779-846D-49F4-8188-16CCBC3AD1B5}.Debug|Any CPU.Build.0 = Debug|Any CPU
		{9E898779-846D-49F4-8188-16CCBC3AD1B5}.Release|Any CPU.ActiveCfg = Release|Any CPU
		{9E898779-846D-49F4-8188-16CCBC3AD1B5}.Release|Any CPU.Build.0 = Release|Any CPU
	EndGlobalSection
	GlobalSection(SolutionProperties) = preSolution
		HideSolutionNode = FALSE
	EndGlobalSection
	GlobalSection(ExtensibilityGlobals) = postSolution
		SolutionGuid = {BBC83ACC-00D9-4C70-A8FF-96E164959B71}
	EndGlobalSection
EndGlobal
